
Microsoft Visual Studio Solution File, Format Version 12.00
# Visual Studio Version 16
VisualStudioVersion = 16.0.31025.194
MinimumVisualStudioVersion = 10.0.40219.1
Project("{FAE04EC0-301F-11D3-BF4B-00C04F79EFBC}") = "DataAccess", "DataAccess\DataAccess.csproj", "{274BC318-831A-4E0C-AE42-527E8EC88372}"
EndProject
Project("{FAE04EC0-301F-11D3-BF4B-00C04F79EFBC}") = "Business", "Business\Business.csproj", "{93CC0039-BCDF-43E4-A310-F1DE48061D7E}"
EndProject
Project("{FAE04EC0-301F-11D3-BF4B-00C04F79EFBC}") = "Entities", "Entities\Entities.csproj", "{CA74BF82-730E-4D40-B164-A339FA0786A1}"
EndProject
Project("{FAE04EC0-301F-11D3-BF4B-00C04F79EFBC}") = "ConsoleUI", "ConsoleUI\ConsoleUI.csproj", "{D241F519-A747-4E07-8511-8E1D3D68D230}"
EndProject
Global
	GlobalSection(SolutionConfigurationPlatforms) = preSolution
		Debug|Any CPU = Debug|Any CPU
		Release|Any CPU = Release|Any CPU
	EndGlobalSection
	GlobalSection(ProjectConfigurationPlatforms) = postSolution
		{274BC318-831A-4E0C-AE42-527E8EC88372}.Debug|Any CPU.ActiveCfg = Debug|Any CPU
		{274BC318-831A-4E0C-AE42-527E8EC88372}.Debug|Any CPU.Build.0 = Debug|Any CPU
		{274BC318-831A-4E0C-AE42-527E8EC88372}.Release|Any CPU.ActiveCfg = Release|Any CPU
		{274BC318-831A-4E0C-AE42-527E8EC88372}.Release|Any CPU.Build.0 = Release|Any CPU
		{93CC0039-BCDF-43E4-A310-F1DE48061D7E}.Debug|Any CPU.ActiveCfg = Debug|Any CPU
		{93CC0039-BCDF-43E4-A310-F1DE48061D7E}.Debug|Any CPU.Build.0 = Debug|Any CPU
		{93CC0039-BCDF-43E4-A310-F1DE48061D7E}.Release|Any CPU.ActiveCfg = Release|Any CPU
		{93CC0039-BCDF-43E4-A310-F1DE48061D7E}.Release|Any CPU.Build.0 = Release|Any CPU
		{CA74BF82-730E-4D40-B164-A339FA0786A1}.Debug|Any CPU.ActiveCfg = Debug|Any CPU
		{CA74BF82-730E-4D40-B164-A339FA0786A1}.Debug|Any CPU.Build.0 = Debug|Any CPU
		{CA74BF82-730E-4D40-B164-A339FA0786A1}.Release|Any CPU.ActiveCfg = Release|Any CPU
		{CA74BF82-730E-4D40-B164-A339FA0786A1}.Release|Any CPU.Build.0 = Release|Any CPU
		{D241F519-A747-4E07-8511-8E1D3D68D230}.Debug|Any CPU.ActiveCfg = Debug|Any CPU
		{D241F519-A747-4E07-8511-8E1D3D68D230}.Debug|Any CPU.Build.0 = Debug|Any CPU
		{D241F519-A747-4E07-8511-8E1D3D68D230}.Release|Any CPU.ActiveCfg = Release|Any CPU
		{D241F519-A747-4E07-8511-8E1D3D68D230}.Release|Any CPU.Build.0 = Release|Any CPU
	EndGlobalSection
	GlobalSection(SolutionProperties) = preSolution
		HideSolutionNode = FALSE
	EndGlobalSection
	GlobalSection(ExtensibilityGlobals) = postSolution
		SolutionGuid = {BA565800-AEB1-4DD9-B6B9-201092548FEB}
	EndGlobalSection
EndGlobal
